
Microsoft Visual Studio Solution File, Format Version 12.00
# Visual Studio Express 2012 for Windows Desktop
Project("{FAE04EC0-301F-11D3-BF4B-00C04F79EFBC}") = "Compilation tools", "Compilation tools\Compilation tools.csproj", "{AA9345E3-A4E2-4AF9-BC44-695DD241B94A}"
EndProject
Global
	GlobalSection(SolutionConfigurationPlatforms) = preSolution
		Debug|Any CPU = Debug|Any CPU
		Release|Any CPU = Release|Any CPU
	EndGlobalSection
	GlobalSection(ProjectConfigurationPlatforms) = postSolution
		{AA9345E3-A4E2-4AF9-BC44-695DD241B94A}.Debug|Any CPU.ActiveCfg = Debug|Any CPU
		{AA9345E3-A4E2-4AF9-BC44-695DD241B94A}.Debug|Any CPU.Build.0 = Debug|Any CPU
		{AA9345E3-A4E2-4AF9-BC44-695DD241B94A}.Release|Any CPU.ActiveCfg = Release|Any CPU
		{AA9345E3-A4E2-4AF9-BC44-695DD241B94A}.Release|Any CPU.Build.0 = Release|Any CPU
	EndGlobalSection
	GlobalSection(SolutionProperties) = preSolution
		HideSolutionNode = FALSE
	EndGlobalSection
EndGlobal
